
Microsoft Visual Studio Solution File, Format Version 12.00
# Visual Studio Version 17
VisualStudioVersion = 17.12.35527.113 d17.12
MinimumVisualStudioVersion = 10.0.40219.1
Project("{FAE04EC0-301F-11D3-BF4B-00C04F79EFBC}") = "ShoppingBasket", "ShoppingBasket.csproj", "{A9E416EA-E883-4499-9065-210AFA32F52F}"
EndProject
Project("{FAE04EC0-301F-11D3-BF4B-00C04F79EFBC}") = "ShoppingBasket.Tests", "..\ShoppingBasket.Tests\ShoppingBasket.Tests.csproj", "{5FC9FF14-036C-495E-BE99-9E354D53C760}"
EndProject
Global
	GlobalSection(SolutionConfigurationPlatforms) = preSolution
		Debug|Any CPU = Debug|Any CPU
		Release|Any CPU = Release|Any CPU
	EndGlobalSection
	GlobalSection(ProjectConfigurationPlatforms) = postSolution
		{A9E416EA-E883-4499-9065-210AFA32F52F}.Debug|Any CPU.ActiveCfg = Debug|Any CPU
		{A9E416EA-E883-4499-9065-210AFA32F52F}.Debug|Any CPU.Build.0 = Debug|Any CPU
		{A9E416EA-E883-4499-9065-210AFA32F52F}.Release|Any CPU.ActiveCfg = Release|Any CPU
		{A9E416EA-E883-4499-9065-210AFA32F52F}.Release|Any CPU.Build.0 = Release|Any CPU
		{5FC9FF14-036C-495E-BE99-9E354D53C760}.Debug|Any CPU.ActiveCfg = Debug|Any CPU
		{5FC9FF14-036C-495E-BE99-9E354D53C760}.Debug|Any CPU.Build.0 = Debug|Any CPU
		{5FC9FF14-036C-495E-BE99-9E354D53C760}.Release|Any CPU.ActiveCfg = Release|Any CPU
		{5FC9FF14-036C-495E-BE99-9E354D53C760}.Release|Any CPU.Build.0 = Release|Any CPU
	EndGlobalSection
	GlobalSection(SolutionProperties) = preSolution
		HideSolutionNode = FALSE
	EndGlobalSection
EndGlobal
